schemaVersion: 1
mode: definition
workspace:
  name: Personal Knowledge Base
  version: '1.0'
primitives:
  skills: {}
  agents:
    kb-ingest-agent:
      hash: 'sha256:b481e4022c659126fc1a59a95ae6145258b3644f22befa1ec54061240dcadf2e'
      path: agents/kb-ingest-agent
    kb-query-agent:
      hash: 'sha256:f3b914aed33aa3131d01a823ff32859314995c378ac9f2b67f487ed8ca7f4d2b'
      path: agents/kb-query-agent
