schemaVersion: 1
mode: definition
workspace:
  name: Personal Knowledge Base
  version: '1.0'
primitives:
  skills: {}
  agents:
    kb-ingest-agent:
      hash: 'sha256:52cb39bbfb31d22eaefb6b8747dee939ae9d5688952a9264e988fb03ceb905a2'
      path: agents/kb-ingest-agent
    kb-query-agent:
      hash: 'sha256:f3b914aed33aa3131d01a823ff32859314995c378ac9f2b67f487ed8ca7f4d2b'
      path: agents/kb-query-agent
